<?xml version="1.0" encoding="utf-8"?>
<Project ToolsVersion="4.0" xmlns="http://schemas.microsoft.com/developer/msbuild/2003">
  <ItemGroup>
    <Filter Include="소스 파일">
      <UniqueIdentifier>{4FC737F1-C7A5-4376-A066-2A32D752A2FF}</UniqueIdentifier>
      <Extensions>cpp;c;cc;cxx;c++;cppm;ixx;def;odl;idl;hpj;bat;asm;asmx</Extensions>
    </Filter>
    <Filter Include="헤더 파일">
      <UniqueIdentifier>{93995380-89BD-4b04-88EB-625FBE52EBFB}</UniqueIdentifier>
      <Extensions>h;hh;hpp;hxx;h++;hm;inl;inc;ipp;xsd</Extensions>
    </Filter>
    <Filter Include="리소스 파일">
      <UniqueIdentifier>{67DA6AB6-F800-4c08-8B7A-83BB121AAD01}</UniqueIdentifier>
      <Extensions>rc;ico;cur;bmp;dlg;rc2;rct;bin;rgs;gif;jpg;jpeg;jpe;resx;tiff;tif;png;wav;mfcribbon-ms</Extensions>
    </Filter>
    <Filter Include="소스 파일\data_structure">
      <UniqueIdentifier>{8a6e721d-f161-4e77-a3ff-4c774c43ce85}</UniqueIdentifier>
    </Filter>
    <Filter Include="소스 파일\data_structure\heap">
      <UniqueIdentifier>{a09b8af7-78ac-4526-8140-434492ab83b4}</UniqueIdentifier>
    </Filter>
    <Filter Include="소스 파일\data_structure\list">
      <UniqueIdentifier>{115289e5-cc7a-4174-8e0f-ca6d10e783ca}</UniqueIdentifier>
    </Filter>
    <Filter Include="소스 파일\data_structure\queue">
      <UniqueIdentifier>{c10a8751-e96f-4829-ae80-7a5f5f2ef6c2}</UniqueIdentifier>
    </Filter>
    <Filter Include="소스 파일\data_structure\stack">
      <UniqueIdentifier>{f1e4c642-96a0-4438-8bf4-b21e7ba933d0}</UniqueIdentifier>
    </Filter>
    <Filter Include="소스 파일\data_structure\tree">
      <UniqueIdentifier>{54aecb56-f876-44df-a5eb-3cb640eef176}</UniqueIdentifier>
    </Filter>
    <Filter Include="소스 파일\algorithm">
      <UniqueIdentifier>{7613bce1-c670-4637-861a-034b6e133869}</UniqueIdentifier>
    </Filter>
    <Filter Include="소스 파일\algorithm\search">
      <UniqueIdentifier>{9fefe1c2-eb9c-4575-ad7e-b7ca0e1c217c}</UniqueIdentifier>
    </Filter>
    <Filter Include="소스 파일\test">
      <UniqueIdentifier>{7ac5ad52-ba5e-4f94-b6c5-590af7a25306}</UniqueIdentifier>
    </Filter>
    <Filter Include="소스 파일\data_structure\hash">
      <UniqueIdentifier>{0cc222d9-c7ee-4e24-ba50-66869a07941e}</UniqueIdentifier>
    </Filter>
    <Filter Include="소스 파일\common">
      <UniqueIdentifier>{94890411-8855-4a5a-858a-facfbabce6d3}</UniqueIdentifier>
    </Filter>
    <Filter Include="소스 파일\data_structure\graph">
      <UniqueIdentifier>{f0da6ecb-bc63-4da3-9ffc-2474225b40e2}</UniqueIdentifier>
    </Filter>
    <Filter Include="소스 파일\algorithm\sort">
      <UniqueIdentifier>{85edfeae-6d85-4e5f-a295-0013b49aa441}</UniqueIdentifier>
    </Filter>
  </ItemGroup>
  <ItemGroup>
    <ClCompile Include="main.c">
      <Filter>소스 파일</Filter>
    </ClCompile>
    <ClCompile Include="ArrayStack.cpp">
      <Filter>소스 파일\data_structure\stack</Filter>
    </ClCompile>
    <ClCompile Include="CircularDoublyLinkedList.cpp">
      <Filter>소스 파일\data_structure\list</Filter>
    </ClCompile>
    <ClCompile Include="CircularQueue.cpp">
      <Filter>소스 파일\data_structure\queue</Filter>
    </ClCompile>
    <ClCompile Include="DisjointSet.cpp">
      <Filter>소스 파일\data_structure\tree</Filter>
    </ClCompile>
    <ClCompile Include="DoublyLinkedList.cpp">
      <Filter>소스 파일\data_structure\list</Filter>
    </ClCompile>
    <ClCompile Include="ExpressionTree.cpp">
      <Filter>소스 파일\data_structure\tree</Filter>
    </ClCompile>
    <ClCompile Include="Heap.c">
      <Filter>소스 파일\data_structure\heap</Filter>
    </ClCompile>
    <ClCompile Include="LinkedList.cpp">
      <Filter>소스 파일\data_structure\list</Filter>
    </ClCompile>
    <ClCompile Include="LinkedListStack.cpp">
      <Filter>소스 파일\data_structure\stack</Filter>
    </ClCompile>
    <ClCompile Include="LinkedQueue.c">
      <Filter>소스 파일\data_structure\queue</Filter>
    </ClCompile>
    <ClCompile Include="SBTTree.cpp">
      <Filter>소스 파일\data_structure\tree</Filter>
    </ClCompile>
    <ClCompile Include="LCRSTree.cpp">
      <Filter>소스 파일\data_structure\tree</Filter>
    </ClCompile>
    <ClCompile Include="BinarySearch.cpp">
      <Filter>소스 파일\algorithm\search</Filter>
    </ClCompile>
    <ClCompile Include="BinarySearchTree.cpp">
      <Filter>소스 파일\algorithm\search</Filter>
    </ClCompile>
    <ClCompile Include="RedBlackTree.cpp">
      <Filter>소스 파일\algorithm\search</Filter>
    </ClCompile>
    <ClCompile Include="Test.h">
      <Filter>소스 파일\test</Filter>
    </ClCompile>
    <ClCompile Include="TestLinkedList.cpp">
      <Filter>소스 파일\test</Filter>
    </ClCompile>
    <ClCompile Include="TestQueue.cpp">
      <Filter>소스 파일\test</Filter>
    </ClCompile>
    <ClCompile Include="TestStack.cpp">
      <Filter>소스 파일\test</Filter>
    </ClCompile>
    <ClCompile Include="TestTree.cpp">
      <Filter>소스 파일\test</Filter>
    </ClCompile>
    <ClCompile Include="PriorityQueue.c">
      <Filter>소스 파일\data_structure\queue</Filter>
    </ClCompile>
    <ClCompile Include="Test.c">
      <Filter>소스 파일\test</Filter>
    </ClCompile>
    <ClCompile Include="SimpleHashTable.c">
      <Filter>소스 파일\data_structure\hash</Filter>
    </ClCompile>
    <ClCompile Include="Chaining.c">
      <Filter>소스 파일\data_structure\hash</Filter>
    </ClCompile>
    <ClCompile Include="OpenAddressing.c">
      <Filter>소스 파일\data_structure\hash</Filter>
    </ClCompile>
    <ClCompile Include="Graph.c">
      <Filter>소스 파일\data_structure\graph</Filter>
    </ClCompile>
    <ClCompile Include="GraphTraversal.h">
      <Filter>소스 파일\algorithm\search</Filter>
    </ClCompile>
    <ClCompile Include="GraphTraversal.c">
      <Filter>소스 파일\algorithm\search</Filter>
    </ClCompile>
    <ClCompile Include="Test_BinarySearchTree.cpp">
      <Filter>소스 파일\test</Filter>
    </ClCompile>
    <ClCompile Include="Sort.h">
      <Filter>소스 파일\algorithm\sort</Filter>
    </ClCompile>
    <ClCompile Include="Sort.c">
      <Filter>소스 파일\algorithm\sort</Filter>
    </ClCompile>
    <ClCompile Include="Math.c">
      <Filter>소스 파일\algorithm</Filter>
    </ClCompile>
    <ClCompile Include="MyString.c">
      <Filter>소스 파일\algorithm</Filter>
    </ClCompile>
  </ItemGroup>
  <ItemGroup>
    <ClInclude Include="ArrayStack.h">
      <Filter>소스 파일\data_structure\stack</Filter>
    </ClInclude>
    <ClInclude Include="CircularDoublyLinkedList.h">
      <Filter>소스 파일\data_structure\list</Filter>
    </ClInclude>
    <ClInclude Include="CircularQueue.h">
      <Filter>소스 파일\data_structure\queue</Filter>
    </ClInclude>
    <ClInclude Include="DisjointSet.h">
      <Filter>소스 파일\data_structure\tree</Filter>
    </ClInclude>
    <ClInclude Include="DoublyLinkedList.h">
      <Filter>소스 파일\data_structure\list</Filter>
    </ClInclude>
    <ClInclude Include="ExpressionTree.h">
      <Filter>소스 파일\data_structure\tree</Filter>
    </ClInclude>
    <ClInclude Include="Heap.h">
      <Filter>소스 파일\data_structure\heap</Filter>
    </ClInclude>
    <ClInclude Include="LinkedList.h">
      <Filter>소스 파일\data_structure\list</Filter>
    </ClInclude>
    <ClInclude Include="LinkedListStack.h">
      <Filter>소스 파일\data_structure\stack</Filter>
    </ClInclude>
    <ClInclude Include="LinkedQueue.h">
      <Filter>소스 파일\data_structure\queue</Filter>
    </ClInclude>
    <ClInclude Include="SBTTree.h">
      <Filter>소스 파일\data_structure\tree</Filter>
    </ClInclude>
    <ClInclude Include="LCRSTree.h">
      <Filter>소스 파일\data_structure\tree</Filter>
    </ClInclude>
    <ClInclude Include="BinarySearchTree.h">
      <Filter>소스 파일\algorithm\search</Filter>
    </ClInclude>
    <ClInclude Include="RedBlackTree.h">
      <Filter>소스 파일\algorithm\search</Filter>
    </ClInclude>
    <ClInclude Include="PriorityQueue.h">
      <Filter>소스 파일\data_structure\queue</Filter>
    </ClInclude>
    <ClInclude Include="SimpleHashTable.h">
      <Filter>소스 파일\data_structure\hash</Filter>
    </ClInclude>
    <ClInclude Include="Chaining.h">
      <Filter>소스 파일\data_structure\hash</Filter>
    </ClInclude>
    <ClInclude Include="OpenAddressing.h">
      <Filter>소스 파일\data_structure\hash</Filter>
    </ClInclude>
    <ClInclude Include="common.h">
      <Filter>소스 파일\common</Filter>
    </ClInclude>
    <ClInclude Include="Point.h">
      <Filter>소스 파일\common</Filter>
    </ClInclude>
    <ClInclude Include="Graph.h">
      <Filter>소스 파일\data_structure\graph</Filter>
    </ClInclude>
    <ClInclude Include="Math.h">
      <Filter>소스 파일\algorithm</Filter>
    </ClInclude>
    <ClInclude Include="MyString.h">
      <Filter>소스 파일\algorithm</Filter>
    </ClInclude>
  </ItemGroup>
</Project>