<?xml version="1.0" encoding="utf-8"?>
<Project ToolsVersion="4.0" xmlns="http://schemas.microsoft.com/developer/msbuild/2003">
  <ItemGroup>
    <Filter Include="소스 파일">
      <UniqueIdentifier>{4FC737F1-C7A5-4376-A066-2A32D752A2FF}</UniqueIdentifier>
      <Extensions>cpp;c;cc;cxx;c++;cppm;ixx;def;odl;idl;hpj;bat;asm;asmx</Extensions>
    </Filter>
    <Filter Include="헤더 파일">
      <UniqueIdentifier>{93995380-89BD-4b04-88EB-625FBE52EBFB}</UniqueIdentifier>
      <Extensions>h;hh;hpp;hxx;h++;hm;inl;inc;ipp;xsd</Extensions>
    </Filter>
    <Filter Include="리소스 파일">
      <UniqueIdentifier>{67DA6AB6-F800-4c08-8B7A-83BB121AAD01}</UniqueIdentifier>
      <Extensions>rc;ico;cur;bmp;dlg;rc2;rct;bin;rgs;gif;jpg;jpeg;jpe;resx;tiff;tif;png;wav;mfcribbon-ms</Extensions>
    </Filter>
    <Filter Include="소스 파일\list">
      <UniqueIdentifier>{115289e5-cc7a-4174-8e0f-ca6d10e783ca}</UniqueIdentifier>
    </Filter>
  </ItemGroup>
  <ItemGroup>
    <ClCompile Include="ArrayStack.cpp">
      <Filter>소스 파일</Filter>
    </ClCompile>
    <ClCompile Include="BinarySearch.cpp">
      <Filter>소스 파일</Filter>
    </ClCompile>
    <ClCompile Include="BinarySearchTree.cpp">
      <Filter>소스 파일</Filter>
    </ClCompile>
    <ClCompile Include="CircularDoublyLinkedList.cpp">
      <Filter>소스 파일</Filter>
    </ClCompile>
    <ClCompile Include="CircularQueue.cpp">
      <Filter>소스 파일</Filter>
    </ClCompile>
    <ClCompile Include="DisjointSet.cpp">
      <Filter>소스 파일</Filter>
    </ClCompile>
    <ClCompile Include="DoublyLinkedList.cpp">
      <Filter>소스 파일</Filter>
    </ClCompile>
    <ClCompile Include="ExpressionTree.cpp">
      <Filter>소스 파일</Filter>
    </ClCompile>
    <ClCompile Include="LCRSTree.cpp">
      <Filter>소스 파일</Filter>
    </ClCompile>
    <ClCompile Include="LinkedList.cpp">
      <Filter>소스 파일</Filter>
    </ClCompile>
    <ClCompile Include="LinkedListStack.cpp">
      <Filter>소스 파일</Filter>
    </ClCompile>
    <ClCompile Include="LinkedQueue.cpp">
      <Filter>소스 파일</Filter>
    </ClCompile>
    <ClCompile Include="main.cpp">
      <Filter>소스 파일</Filter>
    </ClCompile>
    <ClCompile Include="RedBlackTree.cpp">
      <Filter>소스 파일</Filter>
    </ClCompile>
    <ClCompile Include="SBTTree.cpp">
      <Filter>소스 파일</Filter>
    </ClCompile>
    <ClCompile Include="Test_BinarySearchTree.cpp">
      <Filter>소스 파일</Filter>
    </ClCompile>
    <ClCompile Include="TestLinkedList.cpp">
      <Filter>소스 파일</Filter>
    </ClCompile>
    <ClCompile Include="TestQueue.cpp">
      <Filter>소스 파일</Filter>
    </ClCompile>
    <ClCompile Include="TestStack.cpp">
      <Filter>소스 파일</Filter>
    </ClCompile>
    <ClCompile Include="TestTree.cpp">
      <Filter>소스 파일</Filter>
    </ClCompile>
  </ItemGroup>
  <ItemGroup>
    <ClInclude Include="ArrayStack.h">
      <Filter>소스 파일</Filter>
    </ClInclude>
    <ClInclude Include="BinarySearchTree.h">
      <Filter>소스 파일</Filter>
    </ClInclude>
    <ClInclude Include="CircularDoublyLinkedList.h">
      <Filter>소스 파일</Filter>
    </ClInclude>
    <ClInclude Include="CircularQueue.h">
      <Filter>소스 파일</Filter>
    </ClInclude>
    <ClInclude Include="DisjointSet.h">
      <Filter>소스 파일</Filter>
    </ClInclude>
    <ClInclude Include="DoublyLinkedList.h">
      <Filter>소스 파일</Filter>
    </ClInclude>
    <ClInclude Include="ExpressionTree.h">
      <Filter>소스 파일</Filter>
    </ClInclude>
    <ClInclude Include="LCRSTree.h">
      <Filter>소스 파일</Filter>
    </ClInclude>
    <ClInclude Include="LinkedList.h">
      <Filter>소스 파일</Filter>
    </ClInclude>
    <ClInclude Include="LinkedListStack.h">
      <Filter>소스 파일</Filter>
    </ClInclude>
    <ClInclude Include="LinkedQueue.h">
      <Filter>소스 파일</Filter>
    </ClInclude>
    <ClInclude Include="Point.h">
      <Filter>소스 파일</Filter>
    </ClInclude>
    <ClInclude Include="RedBlackTree.h">
      <Filter>소스 파일</Filter>
    </ClInclude>
    <ClInclude Include="SBTTree.h">
      <Filter>소스 파일</Filter>
    </ClInclude>
  </ItemGroup>
</Project>